
Microsoft Visual Studio Solution File, Format Version 12.00
# Visual Studio Version 17
VisualStudioVersion = 17.3.32929.385
MinimumVisualStudioVersion = 10.0.40219.1
Project("{FAE04EC0-301F-11D3-BF4B-00C04F79EFBC}") = "TL.Library.View", "TL.Library.View\TL.Library.View.csproj", "{C370FD55-2903-4C22-B1DA-66B6030A7421}"
EndProject
Global
	GlobalSection(SolutionConfigurationPlatforms) = preSolution
		Debug|Any CPU = Debug|Any CPU
		Release|Any CPU = Release|Any CPU
	EndGlobalSection
	GlobalSection(ProjectConfigurationPlatforms) = postSolution
		{C370FD55-2903-4C22-B1DA-66B6030A7421}.Debug|Any CPU.ActiveCfg = Debug|Any CPU
		{C370FD55-2903-4C22-B1DA-66B6030A7421}.Debug|Any CPU.Build.0 = Debug|Any CPU
		{C370FD55-2903-4C22-B1DA-66B6030A7421}.Release|Any CPU.ActiveCfg = Release|Any CPU
		{C370FD55-2903-4C22-B1DA-66B6030A7421}.Release|Any CPU.Build.0 = Release|Any CPU
	EndGlobalSection
	GlobalSection(SolutionProperties) = preSolution
		HideSolutionNode = FALSE
	EndGlobalSection
	GlobalSection(ExtensibilityGlobals) = postSolution
		SolutionGuid = {163261C7-EFC4-4A0C-9034-C5CE09FBF748}
	EndGlobalSection
EndGlobal
