
Microsoft Visual Studio Solution File, Format Version 12.00
# Visual Studio Version 17
VisualStudioVersion = 17.3.32929.385
MinimumVisualStudioVersion = 10.0.40219.1
Project("{54A90642-561A-4BB1-A94E-469ADEE60C69}") = "transleader.library", "transleader.library\transleader.library.esproj", "{FF974F74-2A92-4FAB-9D06-36253C666F6A}"
EndProject
Project("{9A19103F-16F7-4668-BE54-9A1E7A4F7556}") = "Transleader.LibraryServer", "Transleader.LibraryServer\Transleader.LibraryServer.csproj", "{D5A9F4F4-410D-459E-95B8-91751B9E358A}"
EndProject
Project("{9A19103F-16F7-4668-BE54-9A1E7A4F7556}") = "Transleader.LibraryServer.BusinessL", "Transleader.LibraryServer.BusinessL\Transleader.LibraryServer.BusinessL.csproj", "{CF1DFB66-D046-4CE9-9159-5A11FFF4DE21}"
EndProject
Project("{9A19103F-16F7-4668-BE54-9A1E7A4F7556}") = "LibgenApi", "LibgenApi\LibgenApi.csproj", "{4B92D7BB-0927-4886-BE12-1BB607076076}"
EndProject
Global
	GlobalSection(SolutionConfigurationPlatforms) = preSolution
		Debug|Any CPU = Debug|Any CPU
		Release|Any CPU = Release|Any CPU
	EndGlobalSection
	GlobalSection(ProjectConfigurationPlatforms) = postSolution
		{FF974F74-2A92-4FAB-9D06-36253C666F6A}.Debug|Any CPU.ActiveCfg = Debug|Any CPU
		{FF974F74-2A92-4FAB-9D06-36253C666F6A}.Debug|Any CPU.Build.0 = Debug|Any CPU
		{FF974F74-2A92-4FAB-9D06-36253C666F6A}.Debug|Any CPU.Deploy.0 = Debug|Any CPU
		{FF974F74-2A92-4FAB-9D06-36253C666F6A}.Release|Any CPU.ActiveCfg = Release|Any CPU
		{FF974F74-2A92-4FAB-9D06-36253C666F6A}.Release|Any CPU.Build.0 = Release|Any CPU
		{FF974F74-2A92-4FAB-9D06-36253C666F6A}.Release|Any CPU.Deploy.0 = Release|Any CPU
		{D5A9F4F4-410D-459E-95B8-91751B9E358A}.Debug|Any CPU.ActiveCfg = Debug|Any CPU
		{D5A9F4F4-410D-459E-95B8-91751B9E358A}.Debug|Any CPU.Build.0 = Debug|Any CPU
		{D5A9F4F4-410D-459E-95B8-91751B9E358A}.Release|Any CPU.ActiveCfg = Release|Any CPU
		{D5A9F4F4-410D-459E-95B8-91751B9E358A}.Release|Any CPU.Build.0 = Release|Any CPU
		{CF1DFB66-D046-4CE9-9159-5A11FFF4DE21}.Debug|Any CPU.ActiveCfg = Debug|Any CPU
		{CF1DFB66-D046-4CE9-9159-5A11FFF4DE21}.Debug|Any CPU.Build.0 = Debug|Any CPU
		{CF1DFB66-D046-4CE9-9159-5A11FFF4DE21}.Release|Any CPU.ActiveCfg = Release|Any CPU
		{CF1DFB66-D046-4CE9-9159-5A11FFF4DE21}.Release|Any CPU.Build.0 = Release|Any CPU
		{4B92D7BB-0927-4886-BE12-1BB607076076}.Debug|Any CPU.ActiveCfg = Debug|Any CPU
		{4B92D7BB-0927-4886-BE12-1BB607076076}.Debug|Any CPU.Build.0 = Debug|Any CPU
		{4B92D7BB-0927-4886-BE12-1BB607076076}.Release|Any CPU.ActiveCfg = Release|Any CPU
		{4B92D7BB-0927-4886-BE12-1BB607076076}.Release|Any CPU.Build.0 = Release|Any CPU
	EndGlobalSection
	GlobalSection(SolutionProperties) = preSolution
		HideSolutionNode = FALSE
	EndGlobalSection
	GlobalSection(ExtensibilityGlobals) = postSolution
		SolutionGuid = {D62B7FDC-74EE-4752-8750-AFE5ED28CEE8}
	EndGlobalSection
EndGlobal
